<?xml version="1.0" encoding="utf-8"?>
<Project ToolsVersion="4.0" xmlns="http://schemas.microsoft.com/developer/msbuild/2003">
  <ItemGroup>
    <Filter Include="Shaders">
      <UniqueIdentifier>{6d40219a-053d-4a40-80c4-b01ca042b427}</UniqueIdentifier>
      <Extensions>fx;fxh;hlsl</Extensions>
    </Filter>
    <Filter Include="Resource Files">
      <UniqueIdentifier>{02e2779c-524e-4cb7-a350-f6cfba260235}</UniqueIdentifier>
      <Extensions>rc;ico;cur;bmp;dlg;rc2;rct;bin;rgs;gif;jpg;jpeg;jpe</Extensions>
    </Filter>
    <Filter Include="AMD_Extensions">
      <UniqueIdentifier>{f34cf806-2dd4-424d-9c62-8c28f2cc5b34}</UniqueIdentifier>
    </Filter>
  </ItemGroup>
  <ItemGroup>
    <Manifest Include="..\DXUT\Core\dpiaware.manifest">
      <Filter>Resource Files</Filter>
    </Manifest>
  </ItemGroup>
  <ItemGroup>
    <ClInclude Include="resource.h">
      <Filter>Resource Files</Filter>
    </ClInclude>
    <ClInclude Include="AMD_Extensions\AmdDxExt.h">
      <Filter>AMD_Extensions</Filter>
    </ClInclude>
    <ClInclude Include="AMD_Extensions\AmdDxExtApi.h">
      <Filter>AMD_Extensions</Filter>
    </ClInclude>
    <ClInclude Include="AMD_Extensions\AmdDxExtDepthBounds.h">
      <Filter>AMD_Extensions</Filter>
    </ClInclude>
    <ClInclude Include="AMD_Extensions\AmdDxExtDepthBoundsApi.h">
      <Filter>AMD_Extensions</Filter>
    </ClInclude>
    <ClInclude Include="AMD_Extensions\AmdDxExtIface.h">
      <Filter>AMD_Extensions</Filter>
    </ClInclude>
  </ItemGroup>
  <ItemGroup>
    <ClCompile Include="DepthBoundsTest11.cpp" />
  </ItemGroup>
  <ItemGroup>
    <None Include="Shaders\Source\BuildGBuffers.hlsl">
      <Filter>Shaders</Filter>
    </None>
    <None Include="Shaders\Source\Shader_include.hlsl">
      <Filter>Shaders</Filter>
    </None>
    <None Include="Shaders\Source\ShadingPasses.hlsl">
      <Filter>Shaders</Filter>
    </None>
    <None Include="Shaders\Source\Particle.hlsl">
      <Filter>Shaders</Filter>
    </None>
  </ItemGroup>
  <ItemGroup>
    <ResourceCompile Include="DepthBoundsTest11.rc">
      <Filter>Resource Files</Filter>
    </ResourceCompile>
  </ItemGroup>
</Project>